
Microsoft Visual Studio Solution File, Format Version 12.00
Project("{FAE04EC0-301F-11D3-BF4B-00C04F79EFBC}") = "LokPass.Core", "LokPass.Core\LokPass.Core.csproj", "{DB5B116A-C2EF-48D8-A2F4-138C630A8479}"
EndProject
Global
	GlobalSection(SolutionConfigurationPlatforms) = preSolution
		Debug|Any CPU = Debug|Any CPU
		Release|Any CPU = Release|Any CPU
	EndGlobalSection
	GlobalSection(ProjectConfigurationPlatforms) = postSolution
		{DB5B116A-C2EF-48D8-A2F4-138C630A8479}.Debug|Any CPU.ActiveCfg = Debug|Any CPU
		{DB5B116A-C2EF-48D8-A2F4-138C630A8479}.Debug|Any CPU.Build.0 = Debug|Any CPU
		{DB5B116A-C2EF-48D8-A2F4-138C630A8479}.Release|Any CPU.ActiveCfg = Release|Any CPU
		{DB5B116A-C2EF-48D8-A2F4-138C630A8479}.Release|Any CPU.Build.0 = Release|Any CPU
	EndGlobalSection
EndGlobal
